
Microsoft Visual Studio Solution File, Format Version 12.00
# Visual Studio Version 16
VisualStudioVersion = 16.0.29409.12
MinimumVisualStudioVersion = 10.0.40219.1
Project("{FAE04EC0-301F-11D3-BF4B-00C04F79EFBC}") = "ExaminationManagement", "ExaminationManagement\ExaminationManagement.csproj", "{BE22E882-F132-4309-8B0C-90432DA892F5}"
EndProject
Global
	GlobalSection(SolutionConfigurationPlatforms) = preSolution
		Debug|Any CPU = Debug|Any CPU
		Release|Any CPU = Release|Any CPU
	EndGlobalSection
	GlobalSection(ProjectConfigurationPlatforms) = postSolution
		{BE22E882-F132-4309-8B0C-90432DA892F5}.Debug|Any CPU.ActiveCfg = Debug|Any CPU
		{BE22E882-F132-4309-8B0C-90432DA892F5}.Debug|Any CPU.Build.0 = Debug|Any CPU
		{BE22E882-F132-4309-8B0C-90432DA892F5}.Release|Any CPU.ActiveCfg = Release|Any CPU
		{BE22E882-F132-4309-8B0C-90432DA892F5}.Release|Any CPU.Build.0 = Release|Any CPU
	EndGlobalSection
	GlobalSection(SolutionProperties) = preSolution
		HideSolutionNode = FALSE
	EndGlobalSection
	GlobalSection(ExtensibilityGlobals) = postSolution
		SolutionGuid = {D245BFFC-3F5B-4D2B-8664-CA4B4C9CD35C}
	EndGlobalSection
EndGlobal
